// !$*UTF8*$!
{
	archiveVersion = 1;
	classes = {
	};
	objectVersion = 45;
	objects = {

/* Begin PBXBuildFile section */
		D40582EF11E47C1C0072A54E /* RXTreeNode.c in Sources */ = {isa = PBXBuildFile; fileRef = D40582ED11E47C1C0072A54E /* RXTreeNode.c */; };
		D40582F011E47C1C0072A54E /* RXTreeNode.h in Headers */ = {isa = PBXBuildFile; fileRef = D40582EE11E47C1C0072A54E /* RXTreeNode.h */; };
		D40584EA11E9182D0072A54E /* libPolymorph.a in Frameworks */ = {isa = PBXBuildFile; fileRef = D40584DE11E917FF0072A54E /* libPolymorph.a */; };
		D40584FA11E9189A0072A54E /* RXAssertions.m in Sources */ = {isa = PBXBuildFile; fileRef = D40584B811E917FF0072A54E /* RXAssertions.m */; };
		D405852211E919860072A54E /* RXTreeNodeTests.m in Sources */ = {isa = PBXBuildFile; fileRef = D405852111E919860072A54E /* RXTreeNodeTests.m */; };
		D405853611E91A5C0072A54E /* RXAllocation.h in Headers */ = {isa = PBXBuildFile; fileRef = D405852C11E91A5C0072A54E /* RXAllocation.h */; };
		D405853811E91A5C0072A54E /* RXCoreFoundationIntegration.h in Headers */ = {isa = PBXBuildFile; fileRef = D405852E11E91A5C0072A54E /* RXCoreFoundationIntegration.h */; };
		D405853A11E91A5C0072A54E /* RXObject.h in Headers */ = {isa = PBXBuildFile; fileRef = D405853011E91A5C0072A54E /* RXObject.h */; };
		D405853D11E91A5C0072A54E /* RXObjectType.h in Headers */ = {isa = PBXBuildFile; fileRef = D405853311E91A5C0072A54E /* RXObjectType.h */; };
		D405853E11E91A5C0072A54E /* RXShadowObject.h in Headers */ = {isa = PBXBuildFile; fileRef = D405853411E91A5C0072A54E /* RXShadowObject.h */; };
		D405855711E926690072A54E /* libArborescence.a in Frameworks */ = {isa = PBXBuildFile; fileRef = D2AAC07E0554694100DB518D /* libArborescence.a */; };
		D40585A811E9A0010072A54E /* RXTreeVisitor.c in Sources */ = {isa = PBXBuildFile; fileRef = D40585A611E9A0010072A54E /* RXTreeVisitor.c */; };
		D40585A911E9A0010072A54E /* RXTreeVisitor.h in Headers */ = {isa = PBXBuildFile; fileRef = D40585A711E9A0010072A54E /* RXTreeVisitor.h */; };
		D40585BF11E9A3530072A54E /* RXTreeVisitorTests.m in Sources */ = {isa = PBXBuildFile; fileRef = D40585BE11E9A3530072A54E /* RXTreeVisitorTests.m */; };
		D40585EC11E9B36A0072A54E /* RXBlockTreeVisitorTests.m in Sources */ = {isa = PBXBuildFile; fileRef = D40585EB11E9B36A0072A54E /* RXBlockTreeVisitorTests.m */; };
		D40585EF11E9B3710072A54E /* RXCallbackTreeVisitorTests.m in Sources */ = {isa = PBXBuildFile; fileRef = D40585ED11E9B3710072A54E /* RXCallbackTreeVisitorTests.m */; };
		D40585F011E9B3710072A54E /* RXDelegateTreeVisitorTests.m in Sources */ = {isa = PBXBuildFile; fileRef = D40585EE11E9B3710072A54E /* RXDelegateTreeVisitorTests.m */; };
		D405862311E9BDB40072A54E /* RXBlockTreeVisitor.c in Sources */ = {isa = PBXBuildFile; fileRef = D405862111E9BDB40072A54E /* RXBlockTreeVisitor.c */; };
		D405862411E9BDB40072A54E /* RXBlockTreeVisitor.h in Headers */ = {isa = PBXBuildFile; fileRef = D405862211E9BDB40072A54E /* RXBlockTreeVisitor.h */; };
		D405868011EB0BD00072A54E /* RXCallbackTreeVisitor.c in Sources */ = {isa = PBXBuildFile; fileRef = D405867E11EB0BD00072A54E /* RXCallbackTreeVisitor.c */; };
		D405868111EB0BD00072A54E /* RXCallbackTreeVisitor.h in Headers */ = {isa = PBXBuildFile; fileRef = D405867F11EB0BD00072A54E /* RXCallbackTreeVisitor.h */; };
		D40586C111EB12A50072A54E /* RXDelegateTreeVisitor.m in Sources */ = {isa = PBXBuildFile; fileRef = D40586BF11EB12A50072A54E /* RXDelegateTreeVisitor.m */; };
		D40586C211EB12A50072A54E /* RXDelegateTreeVisitor.h in Headers */ = {isa = PBXBuildFile; fileRef = D40586C011EB12A50072A54E /* RXDelegateTreeVisitor.h */; };
		D405871811EBA7060072A54E /* RXTreeNodeClass.c in Sources */ = {isa = PBXBuildFile; fileRef = D405871611EBA7060072A54E /* RXTreeNodeClass.c */; };
		D405871911EBA7060072A54E /* RXTreeNodeClass.h in Headers */ = {isa = PBXBuildFile; fileRef = D405871711EBA7060072A54E /* RXTreeNodeClass.h */; };
		D40587A811ED7B360072A54E /* RXBranchNodeTests.m in Sources */ = {isa = PBXBuildFile; fileRef = D40587A111ED7B1B0072A54E /* RXBranchNodeTests.m */; };
		D40587A911ED7B360072A54E /* RXLeafNodeTests.m in Sources */ = {isa = PBXBuildFile; fileRef = D40587A211ED7B1B0072A54E /* RXLeafNodeTests.m */; };
		D47B8D4311F4587100379C5E /* RXTreeNode+Protected.h in Headers */ = {isa = PBXBuildFile; fileRef = D47B8D4211F4587100379C5E /* RXTreeNode+Protected.h */; };
		D47B8D4511F4588600379C5E /* RXStructLeafNodeTests.m in Sources */ = {isa = PBXBuildFile; fileRef = D47B8D4411F4588600379C5E /* RXStructLeafNodeTests.m */; };
		D47B8D5F11F45DBB00379C5E /* RXTreeNodeClass+Protected.h in Headers */ = {isa = PBXBuildFile; fileRef = D47B8D5E11F45DBB00379C5E /* RXTreeNodeClass+Protected.h */; };
/* End PBXBuildFile section */

/* Begin PBXContainerItemProxy section */
		D40584DD11E917FF0072A54E /* PBXContainerItemProxy */ = {
			isa = PBXContainerItemProxy;
			containerPortal = D40583C811E917FE0072A54E /* Polymorph.xcodeproj */;
			proxyType = 2;
			remoteGlobalIDString = D2AAC046055464E500DB518D;
			remoteInfo = Polymorph;
		};
		D40584DF11E917FF0072A54E /* PBXContainerItemProxy */ = {
			isa = PBXContainerItemProxy;
			containerPortal = D40583C811E917FE0072A54E /* Polymorph.xcodeproj */;
			proxyType = 2;
			remoteGlobalIDString = D4AB04351180335A0048BBA1;
			remoteInfo = Tests;
		};
		D40584EB11E918380072A54E /* PBXContainerItemProxy */ = {
			isa = PBXContainerItemProxy;
			containerPortal = D40583C811E917FE0072A54E /* Polymorph.xcodeproj */;
			proxyType = 1;
			remoteGlobalIDString = D2AAC045055464E500DB518D;
			remoteInfo = Polymorph;
		};
		D40584F811E9187B0072A54E /* PBXContainerItemProxy */ = {
			isa = PBXContainerItemProxy;
			containerPortal = 0867D690FE84028FC02AAC07 /* Project object */;
			proxyType = 1;
			remoteGlobalIDString = D2AAC07D0554694100DB518D;
			remoteInfo = Arborescence;
		};
/* End PBXContainerItemProxy section */

/* Begin PBXFileReference section */
		0867D69BFE84028FC02AAC07 /* Foundation.framework */ = {isa = PBXFileReference; lastKnownFileType = wrapper.framework; name = Foundation.framework; path = /System/Library/Frameworks/Foundation.framework; sourceTree = "<absolute>"; };
		D2AAC07E0554694100DB518D /* libArborescence.a */ = {isa = PBXFileReference; explicitFileType = archive.ar; includeInIndex = 0; path = libArborescence.a; sourceTree = BUILT_PRODUCTS_DIR; };
		D40582EB11E47BD00072A54E /* Arborescence.pch */ = {isa = PBXFileReference; fileEncoding = 4; lastKnownFileType = sourcecode.c.h; path = Arborescence.pch; sourceTree = "<group>"; };
		D40582ED11E47C1C0072A54E /* RXTreeNode.c */ = {isa = PBXFileReference; fileEncoding = 4; lastKnownFileType = sourcecode.c.c; path = RXTreeNode.c; sourceTree = "<group>"; };
		D40582EE11E47C1C0072A54E /* RXTreeNode.h */ = {isa = PBXFileReference; fileEncoding = 4; lastKnownFileType = sourcecode.c.h; path = RXTreeNode.h; sourceTree = "<group>"; };
		D40583C811E917FE0072A54E /* Polymorph.xcodeproj */ = {isa = PBXFileReference; lastKnownFileType = "wrapper.pb-project"; path = Polymorph.xcodeproj; sourceTree = "<group>"; };
		D40584B711E917FF0072A54E /* RXAssertions.h */ = {isa = PBXFileReference; fileEncoding = 4; lastKnownFileType = sourcecode.c.h; path = RXAssertions.h; sourceTree = "<group>"; };
		D40584B811E917FF0072A54E /* RXAssertions.m */ = {isa = PBXFileReference; fileEncoding = 4; lastKnownFileType = sourcecode.c.objc; path = RXAssertions.m; sourceTree = "<group>"; };
		D40584F311E918660072A54E /* Tests.octest */ = {isa = PBXFileReference; explicitFileType = wrapper.cfbundle; includeInIndex = 0; path = Tests.octest; sourceTree = BUILT_PRODUCTS_DIR; };
		D405850111E918AE0072A54E /* Tests-Info.plist */ = {isa = PBXFileReference; fileEncoding = 4; lastKnownFileType = text.plist.xml; path = "Tests-Info.plist"; sourceTree = "<group>"; };
		D405852111E919860072A54E /* RXTreeNodeTests.m */ = {isa = PBXFileReference; fileEncoding = 4; lastKnownFileType = sourcecode.c.objc; path = RXTreeNodeTests.m; sourceTree = "<group>"; };
		D405852C11E91A5C0072A54E /* RXAllocation.h */ = {isa = PBXFileReference; fileEncoding = 4; lastKnownFileType = sourcecode.c.h; path = RXAllocation.h; sourceTree = "<group>"; };
		D405852E11E91A5C0072A54E /* RXCoreFoundationIntegration.h */ = {isa = PBXFileReference; fileEncoding = 4; lastKnownFileType = sourcecode.c.h; path = RXCoreFoundationIntegration.h; sourceTree = "<group>"; };
		D405853011E91A5C0072A54E /* RXObject.h */ = {isa = PBXFileReference; fileEncoding = 4; lastKnownFileType = sourcecode.c.h; path = RXObject.h; sourceTree = "<group>"; };
		D405853311E91A5C0072A54E /* RXObjectType.h */ = {isa = PBXFileReference; fileEncoding = 4; lastKnownFileType = sourcecode.c.h; path = RXObjectType.h; sourceTree = "<group>"; };
		D405853411E91A5C0072A54E /* RXShadowObject.h */ = {isa = PBXFileReference; fileEncoding = 4; lastKnownFileType = sourcecode.c.h; path = RXShadowObject.h; sourceTree = "<group>"; };
		D405857011E98F9A0072A54E /* RXTreeNodeTests.h */ = {isa = PBXFileReference; fileEncoding = 4; lastKnownFileType = sourcecode.c.h; path = RXTreeNodeTests.h; sourceTree = "<group>"; };
		D40585A611E9A0010072A54E /* RXTreeVisitor.c */ = {isa = PBXFileReference; fileEncoding = 4; lastKnownFileType = sourcecode.c.c; path = RXTreeVisitor.c; sourceTree = "<group>"; };
		D40585A711E9A0010072A54E /* RXTreeVisitor.h */ = {isa = PBXFileReference; fileEncoding = 4; lastKnownFileType = sourcecode.c.h; path = RXTreeVisitor.h; sourceTree = "<group>"; };
		D40585BD11E9A3530072A54E /* RXTreeVisitorTests.h */ = {isa = PBXFileReference; fileEncoding = 4; lastKnownFileType = sourcecode.c.h; path = RXTreeVisitorTests.h; sourceTree = "<group>"; };
		D40585BE11E9A3530072A54E /* RXTreeVisitorTests.m */ = {isa = PBXFileReference; fileEncoding = 4; lastKnownFileType = sourcecode.c.objc; path = RXTreeVisitorTests.m; sourceTree = "<group>"; };
		D40585EB11E9B36A0072A54E /* RXBlockTreeVisitorTests.m */ = {isa = PBXFileReference; fileEncoding = 4; lastKnownFileType = sourcecode.c.objc; path = RXBlockTreeVisitorTests.m; sourceTree = "<group>"; };
		D40585ED11E9B3710072A54E /* RXCallbackTreeVisitorTests.m */ = {isa = PBXFileReference; fileEncoding = 4; lastKnownFileType = sourcecode.c.objc; path = RXCallbackTreeVisitorTests.m; sourceTree = "<group>"; };
		D40585EE11E9B3710072A54E /* RXDelegateTreeVisitorTests.m */ = {isa = PBXFileReference; fileEncoding = 4; lastKnownFileType = sourcecode.c.objc; path = RXDelegateTreeVisitorTests.m; sourceTree = "<group>"; };
		D405862111E9BDB40072A54E /* RXBlockTreeVisitor.c */ = {isa = PBXFileReference; fileEncoding = 4; lastKnownFileType = sourcecode.c.c; path = RXBlockTreeVisitor.c; sourceTree = "<group>"; };
		D405862211E9BDB40072A54E /* RXBlockTreeVisitor.h */ = {isa = PBXFileReference; fileEncoding = 4; lastKnownFileType = sourcecode.c.h; path = RXBlockTreeVisitor.h; sourceTree = "<group>"; };
		D405867E11EB0BD00072A54E /* RXCallbackTreeVisitor.c */ = {isa = PBXFileReference; fileEncoding = 4; lastKnownFileType = sourcecode.c.c; path = RXCallbackTreeVisitor.c; sourceTree = "<group>"; };
		D405867F11EB0BD00072A54E /* RXCallbackTreeVisitor.h */ = {isa = PBXFileReference; fileEncoding = 4; lastKnownFileType = sourcecode.c.h; path = RXCallbackTreeVisitor.h; sourceTree = "<group>"; };
		D40586BF11EB12A50072A54E /* RXDelegateTreeVisitor.m */ = {isa = PBXFileReference; fileEncoding = 4; lastKnownFileType = sourcecode.c.objc; path = RXDelegateTreeVisitor.m; sourceTree = "<group>"; };
		D40586C011EB12A50072A54E /* RXDelegateTreeVisitor.h */ = {isa = PBXFileReference; fileEncoding = 4; lastKnownFileType = sourcecode.c.h; path = RXDelegateTreeVisitor.h; sourceTree = "<group>"; };
		D405871611EBA7060072A54E /* RXTreeNodeClass.c */ = {isa = PBXFileReference; fileEncoding = 4; lastKnownFileType = sourcecode.c.c; path = RXTreeNodeClass.c; sourceTree = "<group>"; };
		D405871711EBA7060072A54E /* RXTreeNodeClass.h */ = {isa = PBXFileReference; fileEncoding = 4; lastKnownFileType = sourcecode.c.h; path = RXTreeNodeClass.h; sourceTree = "<group>"; };
		D40587A111ED7B1B0072A54E /* RXBranchNodeTests.m */ = {isa = PBXFileReference; fileEncoding = 4; lastKnownFileType = sourcecode.c.objc; path = RXBranchNodeTests.m; sourceTree = "<group>"; };
		D40587A211ED7B1B0072A54E /* RXLeafNodeTests.m */ = {isa = PBXFileReference; fileEncoding = 4; lastKnownFileType = sourcecode.c.objc; path = RXLeafNodeTests.m; sourceTree = "<group>"; };
		D47B8D4211F4587100379C5E /* RXTreeNode+Protected.h */ = {isa = PBXFileReference; fileEncoding = 4; lastKnownFileType = sourcecode.c.h; path = "RXTreeNode+Protected.h"; sourceTree = "<group>"; };
		D47B8D4411F4588600379C5E /* RXStructLeafNodeTests.m */ = {isa = PBXFileReference; fileEncoding = 4; lastKnownFileType = sourcecode.c.objc; path = RXStructLeafNodeTests.m; sourceTree = "<group>"; };
		D47B8D5E11F45DBB00379C5E /* RXTreeNodeClass+Protected.h */ = {isa = PBXFileReference; fileEncoding = 4; lastKnownFileType = sourcecode.c.h; path = "RXTreeNodeClass+Protected.h"; sourceTree = "<group>"; };
/* End PBXFileReference section */

/* Begin PBXFrameworksBuildPhase section */
		D2AAC07C0554694100DB518D /* Frameworks */ = {
			isa = PBXFrameworksBuildPhase;
			buildActionMask = 2147483647;
			files = (
				D40584EA11E9182D0072A54E /* libPolymorph.a in Frameworks */,
			);
			runOnlyForDeploymentPostprocessing = 0;
		};
		D40584F011E918660072A54E /* Frameworks */ = {
			isa = PBXFrameworksBuildPhase;
			buildActionMask = 2147483647;
			files = (
				D405855711E926690072A54E /* libArborescence.a in Frameworks */,
			);
			runOnlyForDeploymentPostprocessing = 0;
		};
/* End PBXFrameworksBuildPhase section */

/* Begin PBXGroup section */
		034768DFFF38A50411DB9C8B /* Products */ = {
			isa = PBXGroup;
			children = (
				D2AAC07E0554694100DB518D /* libArborescence.a */,
				D40584F311E918660072A54E /* Tests.octest */,
			);
			name = Products;
			sourceTree = "<group>";
		};
		0867D691FE84028FC02AAC07 /* Arborescence */ = {
			isa = PBXGroup;
			children = (
				D40582E911E47BD00072A54E /* Classes */,
				D40582EA11E47BD00072A54E /* Other Sources */,
				D405838A11E917FE0072A54E /* External */,
				D405852011E919860072A54E /* Tests */,
				D405850011E918AE0072A54E /* Resources */,
				0867D69AFE84028FC02AAC07 /* Frameworks */,
				034768DFFF38A50411DB9C8B /* Products */,
			);
			name = Arborescence;
			sourceTree = "<group>";
		};
		0867D69AFE84028FC02AAC07 /* Frameworks */ = {
			isa = PBXGroup;
			children = (
				0867D69BFE84028FC02AAC07 /* Foundation.framework */,
			);
			name = Frameworks;
			sourceTree = "<group>";
		};
		D40582E911E47BD00072A54E /* Classes */ = {
			isa = PBXGroup;
			children = (
				D405862111E9BDB40072A54E /* RXBlockTreeVisitor.c */,
				D405862211E9BDB40072A54E /* RXBlockTreeVisitor.h */,
				D405867E11EB0BD00072A54E /* RXCallbackTreeVisitor.c */,
				D405867F11EB0BD00072A54E /* RXCallbackTreeVisitor.h */,
				D40586BF11EB12A50072A54E /* RXDelegateTreeVisitor.m */,
				D40586C011EB12A50072A54E /* RXDelegateTreeVisitor.h */,
				D40582ED11E47C1C0072A54E /* RXTreeNode.c */,
				D40582EE11E47C1C0072A54E /* RXTreeNode.h */,
				D47B8D4211F4587100379C5E /* RXTreeNode+Protected.h */,
				D405871611EBA7060072A54E /* RXTreeNodeClass.c */,
				D405871711EBA7060072A54E /* RXTreeNodeClass.h */,
				D47B8D5E11F45DBB00379C5E /* RXTreeNodeClass+Protected.h */,
				D40585A611E9A0010072A54E /* RXTreeVisitor.c */,
				D40585A711E9A0010072A54E /* RXTreeVisitor.h */,
			);
			path = Classes;
			sourceTree = "<group>";
		};
		D40582EA11E47BD00072A54E /* Other Sources */ = {
			isa = PBXGroup;
			children = (
				D40582EB11E47BD00072A54E /* Arborescence.pch */,
			);
			path = "Other Sources";
			sourceTree = "<group>";
		};
		D405838A11E917FE0072A54E /* External */ = {
			isa = PBXGroup;
			children = (
				D405838B11E917FE0072A54E /* Polymorph */,
				D40583CF11E917FE0072A54E /* RXAssertions */,
			);
			path = External;
			sourceTree = "<group>";
		};
		D405838B11E917FE0072A54E /* Polymorph */ = {
			isa = PBXGroup;
			children = (
				D405852B11E91A5C0072A54E /* Classes */,
				D40583C811E917FE0072A54E /* Polymorph.xcodeproj */,
			);
			path = Polymorph;
			sourceTree = "<group>";
		};
		D40583C911E917FE0072A54E /* Products */ = {
			isa = PBXGroup;
			children = (
				D40584DE11E917FF0072A54E /* libPolymorph.a */,
				D40584E011E917FF0072A54E /* Tests.octest */,
			);
			name = Products;
			sourceTree = "<group>";
		};
		D40583CF11E917FE0072A54E /* RXAssertions */ = {
			isa = PBXGroup;
			children = (
				D40584B711E917FF0072A54E /* RXAssertions.h */,
				D40584B811E917FF0072A54E /* RXAssertions.m */,
			);
			path = RXAssertions;
			sourceTree = "<group>";
		};
		D405850011E918AE0072A54E /* Resources */ = {
			isa = PBXGroup;
			children = (
				D405850111E918AE0072A54E /* Tests-Info.plist */,
			);
			path = Resources;
			sourceTree = "<group>";
		};
		D405852011E919860072A54E /* Tests */ = {
			isa = PBXGroup;
			children = (
				D40585EB11E9B36A0072A54E /* RXBlockTreeVisitorTests.m */,
				D40587A111ED7B1B0072A54E /* RXBranchNodeTests.m */,
				D40585ED11E9B3710072A54E /* RXCallbackTreeVisitorTests.m */,
				D40585EE11E9B3710072A54E /* RXDelegateTreeVisitorTests.m */,
				D40587A211ED7B1B0072A54E /* RXLeafNodeTests.m */,
				D47B8D4411F4588600379C5E /* RXStructLeafNodeTests.m */,
				D405857011E98F9A0072A54E /* RXTreeNodeTests.h */,
				D405852111E919860072A54E /* RXTreeNodeTests.m */,
				D40585BD11E9A3530072A54E /* RXTreeVisitorTests.h */,
				D40585BE11E9A3530072A54E /* RXTreeVisitorTests.m */,
			);
			path = Tests;
			sourceTree = "<group>";
		};
		D405852B11E91A5C0072A54E /* Classes */ = {
			isa = PBXGroup;
			children = (
				D405852C11E91A5C0072A54E /* RXAllocation.h */,
				D405852E11E91A5C0072A54E /* RXCoreFoundationIntegration.h */,
				D405853011E91A5C0072A54E /* RXObject.h */,
				D405853311E91A5C0072A54E /* RXObjectType.h */,
				D405853411E91A5C0072A54E /* RXShadowObject.h */,
			);
			path = Classes;
			sourceTree = "<group>";
		};
/* End PBXGroup section */

/* Begin PBXHeadersBuildPhase section */
		D2AAC07A0554694100DB518D /* Headers */ = {
			isa = PBXHeadersBuildPhase;
			buildActionMask = 2147483647;
			files = (
				D40582F011E47C1C0072A54E /* RXTreeNode.h in Headers */,
				D405853611E91A5C0072A54E /* RXAllocation.h in Headers */,
				D405853811E91A5C0072A54E /* RXCoreFoundationIntegration.h in Headers */,
				D405853A11E91A5C0072A54E /* RXObject.h in Headers */,
				D405853D11E91A5C0072A54E /* RXObjectType.h in Headers */,
				D405853E11E91A5C0072A54E /* RXShadowObject.h in Headers */,
				D40585A911E9A0010072A54E /* RXTreeVisitor.h in Headers */,
				D405862411E9BDB40072A54E /* RXBlockTreeVisitor.h in Headers */,
				D405868111EB0BD00072A54E /* RXCallbackTreeVisitor.h in Headers */,
				D40586C211EB12A50072A54E /* RXDelegateTreeVisitor.h in Headers */,
				D405871911EBA7060072A54E /* RXTreeNodeClass.h in Headers */,
				D47B8D4311F4587100379C5E /* RXTreeNode+Protected.h in Headers */,
				D47B8D5F11F45DBB00379C5E /* RXTreeNodeClass+Protected.h in Headers */,
			);
			runOnlyForDeploymentPostprocessing = 0;
		};
/* End PBXHeadersBuildPhase section */

/* Begin PBXNativeTarget section */
		D2AAC07D0554694100DB518D /* Arborescence */ = {
			isa = PBXNativeTarget;
			buildConfigurationList = 1DEB921E08733DC00010E9CD /* Build configuration list for PBXNativeTarget "Arborescence" */;
			buildPhases = (
				D2AAC07A0554694100DB518D /* Headers */,
				D2AAC07B0554694100DB518D /* Sources */,
				D2AAC07C0554694100DB518D /* Frameworks */,
			);
			buildRules = (
			);
			dependencies = (
				D40584EC11E918380072A54E /* PBXTargetDependency */,
			);
			name = Arborescence;
			productName = Arborescence;
			productReference = D2AAC07E0554694100DB518D /* libArborescence.a */;
			productType = "com.apple.product-type.library.static";
		};
		D40584F211E918660072A54E /* Tests */ = {
			isa = PBXNativeTarget;
			buildConfigurationList = D40584F711E918670072A54E /* Build configuration list for PBXNativeTarget "Tests" */;
			buildPhases = (
				D40584EE11E918660072A54E /* Resources */,
				D40584EF11E918660072A54E /* Sources */,
				D40584F011E918660072A54E /* Frameworks */,
				D40584F111E918660072A54E /* ShellScript */,
			);
			buildRules = (
			);
			dependencies = (
				D40584F911E9187B0072A54E /* PBXTargetDependency */,
			);
			name = Tests;
			productName = Tests;
			productReference = D40584F311E918660072A54E /* Tests.octest */;
			productType = "com.apple.product-type.bundle";
		};
/* End PBXNativeTarget section */

/* Begin PBXProject section */
		0867D690FE84028FC02AAC07 /* Project object */ = {
			isa = PBXProject;
			buildConfigurationList = 1DEB922208733DC00010E9CD /* Build configuration list for PBXProject "Arborescence" */;
			compatibilityVersion = "Xcode 3.1";
			hasScannedForEncodings = 1;
			mainGroup = 0867D691FE84028FC02AAC07 /* Arborescence */;
			productRefGroup = 034768DFFF38A50411DB9C8B /* Products */;
			projectDirPath = "";
			projectReferences = (
				{
					ProductGroup = D40583C911E917FE0072A54E /* Products */;
					ProjectRef = D40583C811E917FE0072A54E /* Polymorph.xcodeproj */;
				},
			);
			projectRoot = "";
			targets = (
				D2AAC07D0554694100DB518D /* Arborescence */,
				D40584F211E918660072A54E /* Tests */,
			);
		};
/* End PBXProject section */

/* Begin PBXReferenceProxy section */
		D40584DE11E917FF0072A54E /* libPolymorph.a */ = {
			isa = PBXReferenceProxy;
			fileType = archive.ar;
			path = libPolymorph.a;
			remoteRef = D40584DD11E917FF0072A54E /* PBXContainerItemProxy */;
			sourceTree = BUILT_PRODUCTS_DIR;
		};
		D40584E011E917FF0072A54E /* Tests.octest */ = {
			isa = PBXReferenceProxy;
			fileType = wrapper.cfbundle;
			path = Tests.octest;
			remoteRef = D40584DF11E917FF0072A54E /* PBXContainerItemProxy */;
			sourceTree = BUILT_PRODUCTS_DIR;
		};
/* End PBXReferenceProxy section */

/* Begin PBXResourcesBuildPhase section */
		D40584EE11E918660072A54E /* Resources */ = {
			isa = PBXResourcesBuildPhase;
			buildActionMask = 2147483647;
			files = (
			);
			runOnlyForDeploymentPostprocessing = 0;
		};
/* End PBXResourcesBuildPhase section */

/* Begin PBXShellScriptBuildPhase section */
		D40584F111E918660072A54E /* ShellScript */ = {
			isa = PBXShellScriptBuildPhase;
			buildActionMask = 2147483647;
			files = (
			);
			inputPaths = (
			);
			outputPaths = (
			);
			runOnlyForDeploymentPostprocessing = 0;
			shellPath = /bin/sh;
			shellScript = "# Run the unit tests in this test bundle.\n\"${SYSTEM_DEVELOPER_DIR}/Tools/RunUnitTests\"\n";
		};
/* End PBXShellScriptBuildPhase section */

/* Begin PBXSourcesBuildPhase section */
		D2AAC07B0554694100DB518D /* Sources */ = {
			isa = PBXSourcesBuildPhase;
			buildActionMask = 2147483647;
			files = (
				D40582EF11E47C1C0072A54E /* RXTreeNode.c in Sources */,
				D40585A811E9A0010072A54E /* RXTreeVisitor.c in Sources */,
				D405862311E9BDB40072A54E /* RXBlockTreeVisitor.c in Sources */,
				D405868011EB0BD00072A54E /* RXCallbackTreeVisitor.c in Sources */,
				D40586C111EB12A50072A54E /* RXDelegateTreeVisitor.m in Sources */,
				D405871811EBA7060072A54E /* RXTreeNodeClass.c in Sources */,
			);
			runOnlyForDeploymentPostprocessing = 0;
		};
		D40584EF11E918660072A54E /* Sources */ = {
			isa = PBXSourcesBuildPhase;
			buildActionMask = 2147483647;
			files = (
				D40584FA11E9189A0072A54E /* RXAssertions.m in Sources */,
				D405852211E919860072A54E /* RXTreeNodeTests.m in Sources */,
				D40585BF11E9A3530072A54E /* RXTreeVisitorTests.m in Sources */,
				D40585EC11E9B36A0072A54E /* RXBlockTreeVisitorTests.m in Sources */,
				D40585EF11E9B3710072A54E /* RXCallbackTreeVisitorTests.m in Sources */,
				D40585F011E9B3710072A54E /* RXDelegateTreeVisitorTests.m in Sources */,
				D40587A811ED7B360072A54E /* RXBranchNodeTests.m in Sources */,
				D40587A911ED7B360072A54E /* RXLeafNodeTests.m in Sources */,
				D47B8D4511F4588600379C5E /* RXStructLeafNodeTests.m in Sources */,
			);
			runOnlyForDeploymentPostprocessing = 0;
		};
/* End PBXSourcesBuildPhase section */

/* Begin PBXTargetDependency section */
		D40584EC11E918380072A54E /* PBXTargetDependency */ = {
			isa = PBXTargetDependency;
			name = Polymorph;
			targetProxy = D40584EB11E918380072A54E /* PBXContainerItemProxy */;
		};
		D40584F911E9187B0072A54E /* PBXTargetDependency */ = {
			isa = PBXTargetDependency;
			target = D2AAC07D0554694100DB518D /* Arborescence */;
			targetProxy = D40584F811E9187B0072A54E /* PBXContainerItemProxy */;
		};
/* End PBXTargetDependency section */

/* Begin XCBuildConfiguration section */
		1DEB921F08733DC00010E9CD /* Debug */ = {
			isa = XCBuildConfiguration;
			buildSettings = {
				ALWAYS_SEARCH_USER_PATHS = NO;
				ARCHS = "$(ARCHS_STANDARD_32_64_BIT)";
				COPY_PHASE_STRIP = NO;
				GCC_DYNAMIC_NO_PIC = NO;
				GCC_ENABLE_FIX_AND_CONTINUE = YES;
				GCC_MODEL_TUNING = G5;
				GCC_OPTIMIZATION_LEVEL = 0;
				INSTALL_PATH = /usr/local/lib;
				LIBRARY_SEARCH_PATHS = (
					"$(inherited)",
					"\"$(SRCROOT)/External/Polymorph/build/Debug\"",
				);
				ONLY_ACTIVE_ARCH = YES;
				PRODUCT_NAME = Arborescence;
			};
			name = Debug;
		};
		1DEB922008733DC00010E9CD /* Release */ = {
			isa = XCBuildConfiguration;
			buildSettings = {
				ALWAYS_SEARCH_USER_PATHS = NO;
				ARCHS = "$(ARCHS_STANDARD_32_BIT)";
				DEBUG_INFORMATION_FORMAT = "dwarf-with-dsym";
				GCC_MODEL_TUNING = G5;
				INSTALL_PATH = /usr/local/lib;
				LIBRARY_SEARCH_PATHS = (
					"$(inherited)",
					"\"$(SRCROOT)/External/Polymorph/build/Debug\"",
				);
				PRODUCT_NAME = Arborescence;
			};
			name = Release;
		};
		1DEB922308733DC00010E9CD /* Debug */ = {
			isa = XCBuildConfiguration;
			buildSettings = {
				ARCHS = "$(ARCHS_STANDARD_32_64_BIT)";
				GCC_C_LANGUAGE_STANDARD = gnu99;
				GCC_ENABLE_OBJC_GC = supported;
				GCC_INCREASE_PRECOMPILED_HEADER_SHARING = YES;
				GCC_OPTIMIZATION_LEVEL = 0;
				GCC_PRECOMPILE_PREFIX_HEADER = YES;
				GCC_PREFIX_HEADER = "Other Sources/Arborescence.pch";
				GCC_VERSION = com.apple.compilers.llvm.clang.1_0;
				GCC_WARN_ABOUT_RETURN_TYPE = YES;
				GCC_WARN_UNUSED_VARIABLE = YES;
				ONLY_ACTIVE_ARCH = YES;
				PREBINDING = NO;
				SDKROOT = macosx10.6;
			};
			name = Debug;
		};
		1DEB922408733DC00010E9CD /* Release */ = {
			isa = XCBuildConfiguration;
			buildSettings = {
				ARCHS = "$(ARCHS_STANDARD_32_64_BIT)";
				GCC_C_LANGUAGE_STANDARD = gnu99;
				GCC_ENABLE_OBJC_GC = supported;
				GCC_INCREASE_PRECOMPILED_HEADER_SHARING = YES;
				GCC_PRECOMPILE_PREFIX_HEADER = YES;
				GCC_PREFIX_HEADER = "Other Sources/Arborescence.pch";
				GCC_VERSION = com.apple.compilers.llvm.clang.1_0;
				GCC_WARN_ABOUT_RETURN_TYPE = YES;
				GCC_WARN_UNUSED_VARIABLE = YES;
				PREBINDING = NO;
				SDKROOT = macosx10.6;
			};
			name = Release;
		};
		D40584F511E918670072A54E /* Debug */ = {
			isa = XCBuildConfiguration;
			buildSettings = {
				ALWAYS_SEARCH_USER_PATHS = NO;
				COPY_PHASE_STRIP = NO;
				FRAMEWORK_SEARCH_PATHS = "$(DEVELOPER_LIBRARY_DIR)/Frameworks";
				GCC_DYNAMIC_NO_PIC = NO;
				GCC_ENABLE_FIX_AND_CONTINUE = NO;
				GCC_ENABLE_OBJC_EXCEPTIONS = YES;
				GCC_MODEL_TUNING = G5;
				GCC_OPTIMIZATION_LEVEL = 0;
				GCC_PREPROCESSOR_DEFINITIONS = ARBORESCENCE_TESTS;
				INFOPLIST_FILE = "Resources/Tests-Info.plist";
				INSTALL_PATH = "$(USER_LIBRARY_DIR)/Bundles";
				OTHER_LDFLAGS = (
					"-framework",
					Cocoa,
					"-framework",
					SenTestingKit,
				);
				PREBINDING = NO;
				PRODUCT_NAME = Tests;
				WRAPPER_EXTENSION = octest;
			};
			name = Debug;
		};
		D40584F611E918670072A54E /* Release */ = {
			isa = XCBuildConfiguration;
			buildSettings = {
				ALWAYS_SEARCH_USER_PATHS = NO;
				COPY_PHASE_STRIP = YES;
				DEBUG_INFORMATION_FORMAT = "dwarf-with-dsym";
				FRAMEWORK_SEARCH_PATHS = "$(DEVELOPER_LIBRARY_DIR)/Frameworks";
				GCC_ENABLE_FIX_AND_CONTINUE = NO;
				GCC_ENABLE_OBJC_EXCEPTIONS = YES;
				GCC_MODEL_TUNING = G5;
				GCC_PREPROCESSOR_DEFINITIONS = ARBORESCENCE_TESTS;
				INFOPLIST_FILE = "Resources/Tests-Info.plist";
				INSTALL_PATH = "$(USER_LIBRARY_DIR)/Bundles";
				OTHER_LDFLAGS = (
					"-framework",
					Cocoa,
					"-framework",
					SenTestingKit,
				);
				PREBINDING = NO;
				PRODUCT_NAME = Tests;
				WRAPPER_EXTENSION = octest;
			};
			name = Release;
		};
/* End XCBuildConfiguration section */

/* Begin XCConfigurationList section */
		1DEB921E08733DC00010E9CD /* Build configuration list for PBXNativeTarget "Arborescence" */ = {
			isa = XCConfigurationList;
			buildConfigurations = (
				1DEB921F08733DC00010E9CD /* Debug */,
				1DEB922008733DC00010E9CD /* Release */,
			);
			defaultConfigurationIsVisible = 0;
			defaultConfigurationName = Release;
		};
		1DEB922208733DC00010E9CD /* Build configuration list for PBXProject "Arborescence" */ = {
			isa = XCConfigurationList;
			buildConfigurations = (
				1DEB922308733DC00010E9CD /* Debug */,
				1DEB922408733DC00010E9CD /* Release */,
			);
			defaultConfigurationIsVisible = 0;
			defaultConfigurationName = Release;
		};
		D40584F711E918670072A54E /* Build configuration list for PBXNativeTarget "Tests" */ = {
			isa = XCConfigurationList;
			buildConfigurations = (
				D40584F511E918670072A54E /* Debug */,
				D40584F611E918670072A54E /* Release */,
			);
			defaultConfigurationIsVisible = 0;
			defaultConfigurationName = Release;
		};
/* End XCConfigurationList section */
	};
	rootObject = 0867D690FE84028FC02AAC07 /* Project object */;
}
